
Microsoft Visual Studio Solution File, Format Version 12.00
# Visual Studio 15
VisualStudioVersion = 15.0.27130.2027
MinimumVisualStudioVersion = 10.0.40219.1
Project("{FAE04EC0-301F-11D3-BF4B-00C04F79EFBC}") = "786. K-th Smallest Prime Fraction", "786. K-th Smallest Prime Fraction\786. K-th Smallest Prime Fraction.csproj", "{ADB68DF7-4A4A-467A-B487-EF61E1D44351}"
EndProject
Global
	GlobalSection(SolutionConfigurationPlatforms) = preSolution
		Debug|Any CPU = Debug|Any CPU
		Release|Any CPU = Release|Any CPU
	EndGlobalSection
	GlobalSection(ProjectConfigurationPlatforms) = postSolution
		{ADB68DF7-4A4A-467A-B487-EF61E1D44351}.Debug|Any CPU.ActiveCfg = Debug|Any CPU
		{ADB68DF7-4A4A-467A-B487-EF61E1D44351}.Debug|Any CPU.Build.0 = Debug|Any CPU
		{ADB68DF7-4A4A-467A-B487-EF61E1D44351}.Release|Any CPU.ActiveCfg = Release|Any CPU
		{ADB68DF7-4A4A-467A-B487-EF61E1D44351}.Release|Any CPU.Build.0 = Release|Any CPU
	EndGlobalSection
	GlobalSection(SolutionProperties) = preSolution
		HideSolutionNode = FALSE
	EndGlobalSection
	GlobalSection(ExtensibilityGlobals) = postSolution
		SolutionGuid = {46D5267B-A009-4EAD-8481-6190659D55F5}
	EndGlobalSection
EndGlobal
